// !$*UTF8*$!
{
	archiveVersion = 1;
	classes = {
	};
	objectVersion = 46;
	objects = {

/* Begin PBXBuildFile section */
		A96C6FBD1B0C806B00B4A86D /* images.png in Resources */ = {isa = PBXBuildFile; fileRef = A96C6FBC1B0C806B00B4A86D /* images.png */; };
		A97BD6F21AFB5B0D0054178A /* CalStack.m in Sources */ = {isa = PBXBuildFile; fileRef = A97BD6F11AFB5B0D0054178A /* CalStack.m */; };
		A97BD6F81AFB5D040054178A /* NSMutableArray+Stack.m in Sources */ = {isa = PBXBuildFile; fileRef = A97BD6F71AFB5D040054178A /* NSMutableArray+Stack.m */; };
		A98459C61B0B723E000C5BE7 /* launchscreen.png in Resources */ = {isa = PBXBuildFile; fileRef = A98459C51B0B723E000C5BE7 /* launchscreen.png */; };
		A9ABAD471AEF7CB8006EA716 /* main.m in Sources */ = {isa = PBXBuildFile; fileRef = A9ABAD461AEF7CB8006EA716 /* main.m */; };
		A9ABAD4A1AEF7CB8006EA716 /* AppDelegate.m in Sources */ = {isa = PBXBuildFile; fileRef = A9ABAD491AEF7CB8006EA716 /* AppDelegate.m */; };
		A9ABAD4D1AEF7CB8006EA716 /* ViewController.m in Sources */ = {isa = PBXBuildFile; fileRef = A9ABAD4C1AEF7CB8006EA716 /* ViewController.m */; };
		A9ABAD501AEF7CB8006EA716 /* Main.storyboard in Resources */ = {isa = PBXBuildFile; fileRef = A9ABAD4E1AEF7CB8006EA716 /* Main.storyboard */; };
		A9ABAD521AEF7CB8006EA716 /* Images.xcassets in Resources */ = {isa = PBXBuildFile; fileRef = A9ABAD511AEF7CB8006EA716 /* Images.xcassets */; };
		A9ABAD551AEF7CB8006EA716 /* LaunchScreen.xib in Resources */ = {isa = PBXBuildFile; fileRef = A9ABAD531AEF7CB8006EA716 /* LaunchScreen.xib */; };
		A9ABAD611AEF7CB9006EA716 /* MyCalculatorTests.m in Sources */ = {isa = PBXBuildFile; fileRef = A9ABAD601AEF7CB9006EA716 /* MyCalculatorTests.m */; };
		A9ABAD6D1AEF853D006EA716 /* btnBackground in Resources */ = {isa = PBXBuildFile; fileRef = A9ABAD6C1AEF853D006EA716 /* btnBackground */; };
		A9FB53661B0DCEB0008BCFDB /* Settings.png in Resources */ = {isa = PBXBuildFile; fileRef = A9FB53651B0DCEB0008BCFDB /* Settings.png */; };
		A9FB53681B0DCEB5008BCFDB /* History.png in Resources */ = {isa = PBXBuildFile; fileRef = A9FB53671B0DCEB5008BCFDB /* History.png */; };
		A9FB536A1B0DCEB9008BCFDB /* Calculator.png in Resources */ = {isa = PBXBuildFile; fileRef = A9FB53691B0DCEB9008BCFDB /* Calculator.png */; };
		CEB3ED9F1B04C14800D0656B /* RecordViewController.m in Sources */ = {isa = PBXBuildFile; fileRef = CEB3ED9E1B04C14800D0656B /* RecordViewController.m */; };
		CEB3EDA51B04C89E00D0656B /* RecordTableViewCell.m in Sources */ = {isa = PBXBuildFile; fileRef = CEB3EDA41B04C89E00D0656B /* RecordTableViewCell.m */; };
		CEB3EDA91B04DCC100D0656B /* RecordTableViewCell.xib in Resources */ = {isa = PBXBuildFile; fileRef = CEB3EDA81B04DCC100D0656B /* RecordTableViewCell.xib */; };
		CED142C51B0CBACF003988C1 /* SettingViewController.m in Sources */ = {isa = PBXBuildFile; fileRef = CED142C41B0CBACF003988C1 /* SettingViewController.m */; };
/* End PBXBuildFile section */

/* Begin PBXContainerItemProxy section */
		A9ABAD5B1AEF7CB8006EA716 /* PBXContainerItemProxy */ = {
			isa = PBXContainerItemProxy;
			containerPortal = A9ABAD391AEF7CB8006EA716 /* Project object */;
			proxyType = 1;
			remoteGlobalIDString = A9ABAD401AEF7CB8006EA716;
			remoteInfo = MyCalculator;
		};
/* End PBXContainerItemProxy section */

/* Begin PBXFileReference section */
		A96C6FBC1B0C806B00B4A86D /* images.png */ = {isa = PBXFileReference; lastKnownFileType = image.png; path = images.png; sourceTree = "<group>"; };
		A97BD6F01AFB5B0D0054178A /* CalStack.h */ = {isa = PBXFileReference; fileEncoding = 4; lastKnownFileType = sourcecode.c.h; name = CalStack.h; path = MyCalculator/CalStack.h; sourceTree = "<group>"; };
		A97BD6F11AFB5B0D0054178A /* CalStack.m */ = {isa = PBXFileReference; fileEncoding = 4; lastKnownFileType = sourcecode.c.objc; name = CalStack.m; path = MyCalculator/CalStack.m; sourceTree = "<group>"; };
		A97BD6F61AFB5D040054178A /* NSMutableArray+Stack.h */ = {isa = PBXFileReference; fileEncoding = 4; lastKnownFileType = sourcecode.c.h; path = "NSMutableArray+Stack.h"; sourceTree = "<group>"; };
		A97BD6F71AFB5D040054178A /* NSMutableArray+Stack.m */ = {isa = PBXFileReference; fileEncoding = 4; lastKnownFileType = sourcecode.c.objc; path = "NSMutableArray+Stack.m"; sourceTree = "<group>"; };
		A98459C51B0B723E000C5BE7 /* launchscreen.png */ = {isa = PBXFileReference; lastKnownFileType = image.png; path = launchscreen.png; sourceTree = "<group>"; };
		A9ABAD411AEF7CB8006EA716 /* MyCalculator.app */ = {isa = PBXFileReference; explicitFileType = wrapper.application; includeInIndex = 0; path = MyCalculator.app; sourceTree = BUILT_PRODUCTS_DIR; };
		A9ABAD451AEF7CB8006EA716 /* Info.plist */ = {isa = PBXFileReference; lastKnownFileType = text.plist.xml; path = Info.plist; sourceTree = "<group>"; };
		A9ABAD461AEF7CB8006EA716 /* main.m */ = {isa = PBXFileReference; lastKnownFileType = sourcecode.c.objc; path = main.m; sourceTree = "<group>"; };
		A9ABAD481AEF7CB8006EA716 /* AppDelegate.h */ = {isa = PBXFileReference; lastKnownFileType = sourcecode.c.h; path = AppDelegate.h; sourceTree = "<group>"; };
		A9ABAD491AEF7CB8006EA716 /* AppDelegate.m */ = {isa = PBXFileReference; lastKnownFileType = sourcecode.c.objc; path = AppDelegate.m; sourceTree = "<group>"; };
		A9ABAD4B1AEF7CB8006EA716 /* ViewController.h */ = {isa = PBXFileReference; lastKnownFileType = sourcecode.c.h; path = ViewController.h; sourceTree = "<group>"; };
		A9ABAD4C1AEF7CB8006EA716 /* ViewController.m */ = {isa = PBXFileReference; lastKnownFileType = sourcecode.c.objc; path = ViewController.m; sourceTree = "<group>"; };
		A9ABAD4F1AEF7CB8006EA716 /* Base */ = {isa = PBXFileReference; lastKnownFileType = file.storyboard; name = Base; path = Base.lproj/Main.storyboard; sourceTree = "<group>"; };
		A9ABAD511AEF7CB8006EA716 /* Images.xcassets */ = {isa = PBXFileReference; lastKnownFileType = folder.assetcatalog; path = Images.xcassets; sourceTree = "<group>"; };
		A9ABAD541AEF7CB8006EA716 /* Base */ = {isa = PBXFileReference; lastKnownFileType = file.xib; name = Base; path = Base.lproj/LaunchScreen.xib; sourceTree = "<group>"; };
		A9ABAD5A1AEF7CB8006EA716 /* MyCalculatorTests.xctest */ = {isa = PBXFileReference; explicitFileType = wrapper.cfbundle; includeInIndex = 0; path = MyCalculatorTests.xctest; sourceTree = BUILT_PRODUCTS_DIR; };
		A9ABAD5F1AEF7CB9006EA716 /* Info.plist */ = {isa = PBXFileReference; lastKnownFileType = text.plist.xml; path = Info.plist; sourceTree = "<group>"; };
		A9ABAD601AEF7CB9006EA716 /* MyCalculatorTests.m */ = {isa = PBXFileReference; lastKnownFileType = sourcecode.c.objc; path = MyCalculatorTests.m; sourceTree = "<group>"; };
		A9ABAD6C1AEF853D006EA716 /* btnBackground */ = {isa = PBXFileReference; lastKnownFileType = folder; path = btnBackground; sourceTree = "<group>"; };
		A9FB53651B0DCEB0008BCFDB /* Settings.png */ = {isa = PBXFileReference; lastKnownFileType = image.png; path = Settings.png; sourceTree = "<group>"; };
		A9FB53671B0DCEB5008BCFDB /* History.png */ = {isa = PBXFileReference; lastKnownFileType = image.png; path = History.png; sourceTree = "<group>"; };
		A9FB53691B0DCEB9008BCFDB /* Calculator.png */ = {isa = PBXFileReference; lastKnownFileType = image.png; path = Calculator.png; sourceTree = "<group>"; };
		CEB3ED9D1B04C14800D0656B /* RecordViewController.h */ = {isa = PBXFileReference; fileEncoding = 4; lastKnownFileType = sourcecode.c.h; path = RecordViewController.h; sourceTree = "<group>"; };
		CEB3ED9E1B04C14800D0656B /* RecordViewController.m */ = {isa = PBXFileReference; fileEncoding = 4; lastKnownFileType = sourcecode.c.objc; path = RecordViewController.m; sourceTree = "<group>"; };
		CEB3EDA31B04C89E00D0656B /* RecordTableViewCell.h */ = {isa = PBXFileReference; fileEncoding = 4; lastKnownFileType = sourcecode.c.h; path = RecordTableViewCell.h; sourceTree = "<group>"; };
		CEB3EDA41B04C89E00D0656B /* RecordTableViewCell.m */ = {isa = PBXFileReference; fileEncoding = 4; lastKnownFileType = sourcecode.c.objc; path = RecordTableViewCell.m; sourceTree = "<group>"; };
		CEB3EDA81B04DCC100D0656B /* RecordTableViewCell.xib */ = {isa = PBXFileReference; fileEncoding = 4; lastKnownFileType = file.xib; path = RecordTableViewCell.xib; sourceTree = "<group>"; };
		CED142C31B0CBACF003988C1 /* SettingViewController.h */ = {isa = PBXFileReference; fileEncoding = 4; lastKnownFileType = sourcecode.c.h; path = SettingViewController.h; sourceTree = "<group>"; };
		CED142C41B0CBACF003988C1 /* SettingViewController.m */ = {isa = PBXFileReference; fileEncoding = 4; lastKnownFileType = sourcecode.c.objc; path = SettingViewController.m; sourceTree = "<group>"; };
/* End PBXFileReference section */

/* Begin PBXFrameworksBuildPhase section */
		A9ABAD3E1AEF7CB8006EA716 /* Frameworks */ = {
			isa = PBXFrameworksBuildPhase;
			buildActionMask = 2147483647;
			files = (
			);
			runOnlyForDeploymentPostprocessing = 0;
		};
		A9ABAD571AEF7CB8006EA716 /* Frameworks */ = {
			isa = PBXFrameworksBuildPhase;
			buildActionMask = 2147483647;
			files = (
			);
			runOnlyForDeploymentPostprocessing = 0;
		};
/* End PBXFrameworksBuildPhase section */

/* Begin PBXGroup section */
		A9ABAD381AEF7CB8006EA716 = {
			isa = PBXGroup;
			children = (
				A97BD6F01AFB5B0D0054178A /* CalStack.h */,
				A97BD6F11AFB5B0D0054178A /* CalStack.m */,
				A9ABAD431AEF7CB8006EA716 /* MyCalculator */,
				A9ABAD5D1AEF7CB8006EA716 /* MyCalculatorTests */,
				A9ABAD421AEF7CB8006EA716 /* Products */,
			);
			sourceTree = "<group>";
		};
		A9ABAD421AEF7CB8006EA716 /* Products */ = {
			isa = PBXGroup;
			children = (
				A9ABAD411AEF7CB8006EA716 /* MyCalculator.app */,
				A9ABAD5A1AEF7CB8006EA716 /* MyCalculatorTests.xctest */,
			);
			name = Products;
			sourceTree = "<group>";
		};
		A9ABAD431AEF7CB8006EA716 /* MyCalculator */ = {
			isa = PBXGroup;
			children = (
				A97BD6F61AFB5D040054178A /* NSMutableArray+Stack.h */,
				A97BD6F71AFB5D040054178A /* NSMutableArray+Stack.m */,
				A9ABAD481AEF7CB8006EA716 /* AppDelegate.h */,
				A9ABAD491AEF7CB8006EA716 /* AppDelegate.m */,
				A9ABAD4B1AEF7CB8006EA716 /* ViewController.h */,
				A9ABAD4C1AEF7CB8006EA716 /* ViewController.m */,
				A9ABAD4E1AEF7CB8006EA716 /* Main.storyboard */,
				CEB3EDA31B04C89E00D0656B /* RecordTableViewCell.h */,
				CEB3EDA41B04C89E00D0656B /* RecordTableViewCell.m */,
				CEB3EDA81B04DCC100D0656B /* RecordTableViewCell.xib */,
				CEB3ED9D1B04C14800D0656B /* RecordViewController.h */,
				CEB3ED9E1B04C14800D0656B /* RecordViewController.m */,
				CED142C31B0CBACF003988C1 /* SettingViewController.h */,
				CED142C41B0CBACF003988C1 /* SettingViewController.m */,
				A9ABAD511AEF7CB8006EA716 /* Images.xcassets */,
				A9ABAD531AEF7CB8006EA716 /* LaunchScreen.xib */,
				A98459C51B0B723E000C5BE7 /* launchscreen.png */,
				A96C6FBC1B0C806B00B4A86D /* images.png */,
				A9FB53651B0DCEB0008BCFDB /* Settings.png */,
				A9FB53671B0DCEB5008BCFDB /* History.png */,
				A9FB53691B0DCEB9008BCFDB /* Calculator.png */,
				A9ABAD441AEF7CB8006EA716 /* Supporting Files */,
			);
			path = MyCalculator;
			sourceTree = "<group>";
		};
		A9ABAD441AEF7CB8006EA716 /* Supporting Files */ = {
			isa = PBXGroup;
			children = (
				A9ABAD6C1AEF853D006EA716 /* btnBackground */,
				A9ABAD451AEF7CB8006EA716 /* Info.plist */,
				A9ABAD461AEF7CB8006EA716 /* main.m */,
			);
			name = "Supporting Files";
			sourceTree = "<group>";
		};
		A9ABAD5D1AEF7CB8006EA716 /* MyCalculatorTests */ = {
			isa = PBXGroup;
			children = (
				A9ABAD601AEF7CB9006EA716 /* MyCalculatorTests.m */,
				A9ABAD5E1AEF7CB9006EA716 /* Supporting Files */,
			);
			path = MyCalculatorTests;
			sourceTree = "<group>";
		};
		A9ABAD5E1AEF7CB9006EA716 /* Supporting Files */ = {
			isa = PBXGroup;
			children = (
				A9ABAD5F1AEF7CB9006EA716 /* Info.plist */,
			);
			name = "Supporting Files";
			sourceTree = "<group>";
		};
/* End PBXGroup section */

/* Begin PBXNativeTarget section */
		A9ABAD401AEF7CB8006EA716 /* MyCalculator */ = {
			isa = PBXNativeTarget;
			buildConfigurationList = A9ABAD641AEF7CB9006EA716 /* Build configuration list for PBXNativeTarget "MyCalculator" */;
			buildPhases = (
				A9ABAD3D1AEF7CB8006EA716 /* Sources */,
				A9ABAD3E1AEF7CB8006EA716 /* Frameworks */,
				A9ABAD3F1AEF7CB8006EA716 /* Resources */,
			);
			buildRules = (
			);
			dependencies = (
			);
			name = MyCalculator;
			productName = MyCalculator;
			productReference = A9ABAD411AEF7CB8006EA716 /* MyCalculator.app */;
			productType = "com.apple.product-type.application";
		};
		A9ABAD591AEF7CB8006EA716 /* MyCalculatorTests */ = {
			isa = PBXNativeTarget;
			buildConfigurationList = A9ABAD671AEF7CB9006EA716 /* Build configuration list for PBXNativeTarget "MyCalculatorTests" */;
			buildPhases = (
				A9ABAD561AEF7CB8006EA716 /* Sources */,
				A9ABAD571AEF7CB8006EA716 /* Frameworks */,
				A9ABAD581AEF7CB8006EA716 /* Resources */,
			);
			buildRules = (
			);
			dependencies = (
				A9ABAD5C1AEF7CB8006EA716 /* PBXTargetDependency */,
			);
			name = MyCalculatorTests;
			productName = MyCalculatorTests;
			productReference = A9ABAD5A1AEF7CB8006EA716 /* MyCalculatorTests.xctest */;
			productType = "com.apple.product-type.bundle.unit-test";
		};
/* End PBXNativeTarget section */

/* Begin PBXProject section */
		A9ABAD391AEF7CB8006EA716 /* Project object */ = {
			isa = PBXProject;
			attributes = {
				LastUpgradeCheck = 0630;
				ORGANIZATIONNAME = "zixiao zhu";
				TargetAttributes = {
					A9ABAD401AEF7CB8006EA716 = {
						CreatedOnToolsVersion = 6.3;
					};
					A9ABAD591AEF7CB8006EA716 = {
						CreatedOnToolsVersion = 6.3;
						TestTargetID = A9ABAD401AEF7CB8006EA716;
					};
				};
			};
			buildConfigurationList = A9ABAD3C1AEF7CB8006EA716 /* Build configuration list for PBXProject "MyCalculator" */;
			compatibilityVersion = "Xcode 3.2";
			developmentRegion = English;
			hasScannedForEncodings = 0;
			knownRegions = (
				en,
				Base,
			);
			mainGroup = A9ABAD381AEF7CB8006EA716;
			productRefGroup = A9ABAD421AEF7CB8006EA716 /* Products */;
			projectDirPath = "";
			projectRoot = "";
			targets = (
				A9ABAD401AEF7CB8006EA716 /* MyCalculator */,
				A9ABAD591AEF7CB8006EA716 /* MyCalculatorTests */,
			);
		};
/* End PBXProject section */

/* Begin PBXResourcesBuildPhase section */
		A9ABAD3F1AEF7CB8006EA716 /* Resources */ = {
			isa = PBXResourcesBuildPhase;
			buildActionMask = 2147483647;
			files = (
				A9FB53681B0DCEB5008BCFDB /* History.png in Resources */,
				A9FB53661B0DCEB0008BCFDB /* Settings.png in Resources */,
				A9ABAD501AEF7CB8006EA716 /* Main.storyboard in Resources */,
				A9FB536A1B0DCEB9008BCFDB /* Calculator.png in Resources */,
				A96C6FBD1B0C806B00B4A86D /* images.png in Resources */,
				CEB3EDA91B04DCC100D0656B /* RecordTableViewCell.xib in Resources */,
				A9ABAD6D1AEF853D006EA716 /* btnBackground in Resources */,
				A9ABAD551AEF7CB8006EA716 /* LaunchScreen.xib in Resources */,
				A9ABAD521AEF7CB8006EA716 /* Images.xcassets in Resources */,
				A98459C61B0B723E000C5BE7 /* launchscreen.png in Resources */,
			);
			runOnlyForDeploymentPostprocessing = 0;
		};
		A9ABAD581AEF7CB8006EA716 /* Resources */ = {
			isa = PBXResourcesBuildPhase;
			buildActionMask = 2147483647;
			files = (
			);
			runOnlyForDeploymentPostprocessing = 0;
		};
/* End PBXResourcesBuildPhase section */

/* Begin PBXSourcesBuildPhase section */
		A9ABAD3D1AEF7CB8006EA716 /* Sources */ = {
			isa = PBXSourcesBuildPhase;
			buildActionMask = 2147483647;
			files = (
				A9ABAD4D1AEF7CB8006EA716 /* ViewController.m in Sources */,
				A97BD6F81AFB5D040054178A /* NSMutableArray+Stack.m in Sources */,
				A9ABAD4A1AEF7CB8006EA716 /* AppDelegate.m in Sources */,
				CEB3EDA51B04C89E00D0656B /* RecordTableViewCell.m in Sources */,
				CEB3ED9F1B04C14800D0656B /* RecordViewController.m in Sources */,
				A9ABAD471AEF7CB8006EA716 /* main.m in Sources */,
				A97BD6F21AFB5B0D0054178A /* CalStack.m in Sources */,
				CED142C51B0CBACF003988C1 /* SettingViewController.m in Sources */,
			);
			runOnlyForDeploymentPostprocessing = 0;
		};
		A9ABAD561AEF7CB8006EA716 /* Sources */ = {
			isa = PBXSourcesBuildPhase;
			buildActionMask = 2147483647;
			files = (
				A9ABAD611AEF7CB9006EA716 /* MyCalculatorTests.m in Sources */,
			);
			runOnlyForDeploymentPostprocessing = 0;
		};
/* End PBXSourcesBuildPhase section */

/* Begin PBXTargetDependency section */
		A9ABAD5C1AEF7CB8006EA716 /* PBXTargetDependency */ = {
			isa = PBXTargetDependency;
			target = A9ABAD401AEF7CB8006EA716 /* MyCalculator */;
			targetProxy = A9ABAD5B1AEF7CB8006EA716 /* PBXContainerItemProxy */;
		};
/* End PBXTargetDependency section */

/* Begin PBXVariantGroup section */
		A9ABAD4E1AEF7CB8006EA716 /* Main.storyboard */ = {
			isa = PBXVariantGroup;
			children = (
				A9ABAD4F1AEF7CB8006EA716 /* Base */,
			);
			name = Main.storyboard;
			sourceTree = "<group>";
		};
		A9ABAD531AEF7CB8006EA716 /* LaunchScreen.xib */ = {
			isa = PBXVariantGroup;
			children = (
				A9ABAD541AEF7CB8006EA716 /* Base */,
			);
			name = LaunchScreen.xib;
			sourceTree = "<group>";
		};
/* End PBXVariantGroup section */

/* Begin XCBuildConfiguration section */
		A9ABAD621AEF7CB9006EA716 /* Debug */ = {
			isa = XCBuildConfiguration;
			buildSettings = {
				ALWAYS_SEARCH_USER_PATHS = NO;
				CLANG_CXX_LANGUAGE_STANDARD = "gnu++0x";
				CLANG_CXX_LIBRARY = "libc++";
				CLANG_ENABLE_MODULES = YES;
				CLANG_ENABLE_OBJC_ARC = YES;
				CLANG_WARN_BOOL_CONVERSION = YES;
				CLANG_WARN_CONSTANT_CONVERSION = YES;
				CLANG_WARN_DIRECT_OBJC_ISA_USAGE = YES_ERROR;
				CLANG_WARN_EMPTY_BODY = YES;
				CLANG_WARN_ENUM_CONVERSION = YES;
				CLANG_WARN_INT_CONVERSION = YES;
				CLANG_WARN_OBJC_ROOT_CLASS = YES_ERROR;
				CLANG_WARN_UNREACHABLE_CODE = YES;
				CLANG_WARN__DUPLICATE_METHOD_MATCH = YES;
				"CODE_SIGN_IDENTITY[sdk=iphoneos*]" = "iPhone Developer";
				COPY_PHASE_STRIP = NO;
				DEBUG_INFORMATION_FORMAT = "dwarf-with-dsym";
				ENABLE_STRICT_OBJC_MSGSEND = YES;
				GCC_C_LANGUAGE_STANDARD = gnu99;
				GCC_DYNAMIC_NO_PIC = NO;
				GCC_NO_COMMON_BLOCKS = YES;
				GCC_OPTIMIZATION_LEVEL = 0;
				GCC_PREPROCESSOR_DEFINITIONS = (
					"DEBUG=1",
					"$(inherited)",
				);
				GCC_SYMBOLS_PRIVATE_EXTERN = NO;
				GCC_WARN_64_TO_32_BIT_CONVERSION = YES;
				GCC_WARN_ABOUT_RETURN_TYPE = YES_ERROR;
				GCC_WARN_UNDECLARED_SELECTOR = YES;
				GCC_WARN_UNINITIALIZED_AUTOS = YES_AGGRESSIVE;
				GCC_WARN_UNUSED_FUNCTION = YES;
				GCC_WARN_UNUSED_VARIABLE = YES;
				IPHONEOS_DEPLOYMENT_TARGET = 8.3;
				MTL_ENABLE_DEBUG_INFO = YES;
				ONLY_ACTIVE_ARCH = YES;
				SDKROOT = iphoneos;
				TARGETED_DEVICE_FAMILY = "1,2";
			};
			name = Debug;
		};
		A9ABAD631AEF7CB9006EA716 /* Release */ = {
			isa = XCBuildConfiguration;
			buildSettings = {
				ALWAYS_SEARCH_USER_PATHS = NO;
				CLANG_CXX_LANGUAGE_STANDARD = "gnu++0x";
				CLANG_CXX_LIBRARY = "libc++";
				CLANG_ENABLE_MODULES = YES;
				CLANG_ENABLE_OBJC_ARC = YES;
				CLANG_WARN_BOOL_CONVERSION = YES;
				CLANG_WARN_CONSTANT_CONVERSION = YES;
				CLANG_WARN_DIRECT_OBJC_ISA_USAGE = YES_ERROR;
				CLANG_WARN_EMPTY_BODY = YES;
				CLANG_WARN_ENUM_CONVERSION = YES;
				CLANG_WARN_INT_CONVERSION = YES;
				CLANG_WARN_OBJC_ROOT_CLASS = YES_ERROR;
				CLANG_WARN_UNREACHABLE_CODE = YES;
				CLANG_WARN__DUPLICATE_METHOD_MATCH = YES;
				"CODE_SIGN_IDENTITY[sdk=iphoneos*]" = "iPhone Developer";
				COPY_PHASE_STRIP = NO;
				DEBUG_INFORMATION_FORMAT = "dwarf-with-dsym";
				ENABLE_NS_ASSERTIONS = NO;
				ENABLE_STRICT_OBJC_MSGSEND = YES;
				GCC_C_LANGUAGE_STANDARD = gnu99;
				GCC_NO_COMMON_BLOCKS = YES;
				GCC_WARN_64_TO_32_BIT_CONVERSION = YES;
				GCC_WARN_ABOUT_RETURN_TYPE = YES_ERROR;
				GCC_WARN_UNDECLARED_SELECTOR = YES;
				GCC_WARN_UNINITIALIZED_AUTOS = YES_AGGRESSIVE;
				GCC_WARN_UNUSED_FUNCTION = YES;
				GCC_WARN_UNUSED_VARIABLE = YES;
				IPHONEOS_DEPLOYMENT_TARGET = 8.3;
				MTL_ENABLE_DEBUG_INFO = NO;
				SDKROOT = iphoneos;
				TARGETED_DEVICE_FAMILY = "1,2";
				VALIDATE_PRODUCT = YES;
			};
			name = Release;
		};
		A9ABAD651AEF7CB9006EA716 /* Debug */ = {
			isa = XCBuildConfiguration;
			buildSettings = {
				ASSETCATALOG_COMPILER_APPICON_NAME = AppIcon;
				INFOPLIST_FILE = MyCalculator/Info.plist;
				LD_RUNPATH_SEARCH_PATHS = "$(inherited) @executable_path/Frameworks";
				PRODUCT_NAME = "$(TARGET_NAME)";
				TARGETED_DEVICE_FAMILY = 1;
			};
			name = Debug;
		};
		A9ABAD661AEF7CB9006EA716 /* Release */ = {
			isa = XCBuildConfiguration;
			buildSettings = {
				ASSETCATALOG_COMPILER_APPICON_NAME = AppIcon;
				INFOPLIST_FILE = MyCalculator/Info.plist;
				LD_RUNPATH_SEARCH_PATHS = "$(inherited) @executable_path/Frameworks";
				PRODUCT_NAME = "$(TARGET_NAME)";
				TARGETED_DEVICE_FAMILY = 1;
			};
			name = Release;
		};
		A9ABAD681AEF7CB9006EA716 /* Debug */ = {
			isa = XCBuildConfiguration;
			buildSettings = {
				BUNDLE_LOADER = "$(TEST_HOST)";
				FRAMEWORK_SEARCH_PATHS = (
					"$(SDKROOT)/Developer/Library/Frameworks",
					"$(inherited)",
				);
				GCC_PREPROCESSOR_DEFINITIONS = (
					"DEBUG=1",
					"$(inherited)",
				);
				INFOPLIST_FILE = MyCalculatorTests/Info.plist;
				LD_RUNPATH_SEARCH_PATHS = "$(inherited) @executable_path/Frameworks @loader_path/Frameworks";
				PRODUCT_NAME = "$(TARGET_NAME)";
				TEST_HOST = "$(BUILT_PRODUCTS_DIR)/MyCalculator.app/MyCalculator";
			};
			name = Debug;
		};
		A9ABAD691AEF7CB9006EA716 /* Release */ = {
			isa = XCBuildConfiguration;
			buildSettings = {
				BUNDLE_LOADER = "$(TEST_HOST)";
				FRAMEWORK_SEARCH_PATHS = (
					"$(SDKROOT)/Developer/Library/Frameworks",
					"$(inherited)",
				);
				INFOPLIST_FILE = MyCalculatorTests/Info.plist;
				LD_RUNPATH_SEARCH_PATHS = "$(inherited) @executable_path/Frameworks @loader_path/Frameworks";
				PRODUCT_NAME = "$(TARGET_NAME)";
				TEST_HOST = "$(BUILT_PRODUCTS_DIR)/MyCalculator.app/MyCalculator";
			};
			name = Release;
		};
/* End XCBuildConfiguration section */

/* Begin XCConfigurationList section */
		A9ABAD3C1AEF7CB8006EA716 /* Build configuration list for PBXProject "MyCalculator" */ = {
			isa = XCConfigurationList;
			buildConfigurations = (
				A9ABAD621AEF7CB9006EA716 /* Debug */,
				A9ABAD631AEF7CB9006EA716 /* Release */,
			);
			defaultConfigurationIsVisible = 0;
			defaultConfigurationName = Release;
		};
		A9ABAD641AEF7CB9006EA716 /* Build configuration list for PBXNativeTarget "MyCalculator" */ = {
			isa = XCConfigurationList;
			buildConfigurations = (
				A9ABAD651AEF7CB9006EA716 /* Debug */,
				A9ABAD661AEF7CB9006EA716 /* Release */,
			);
			defaultConfigurationIsVisible = 0;
			defaultConfigurationName = Release;
		};
		A9ABAD671AEF7CB9006EA716 /* Build configuration list for PBXNativeTarget "MyCalculatorTests" */ = {
			isa = XCConfigurationList;
			buildConfigurations = (
				A9ABAD681AEF7CB9006EA716 /* Debug */,
				A9ABAD691AEF7CB9006EA716 /* Release */,
			);
			defaultConfigurationIsVisible = 0;
			defaultConfigurationName = Release;
		};
/* End XCConfigurationList section */
	};
	rootObject = A9ABAD391AEF7CB8006EA716 /* Project object */;
}
